// !$*UTF8*$!
{
	archiveVersion = 1;
	classes = {
	};
	objectVersion = 46;
	objects = {

/* Begin PBXBuildFile section */
		455A4AA9E7EBBCDA19BB41D2 /* Pods_BloodPlus.framework in Frameworks */ = {isa = PBXBuildFile; fileRef = 8A3E96DA7D7E876CAB2E8147 /* Pods_BloodPlus.framework */; };
		C9208AD91DEFFB3D00B9CE64 /* KeyboardLayoutConstraint.swift in Sources */ = {isa = PBXBuildFile; fileRef = C9208AD81DEFFB3D00B9CE64 /* KeyboardLayoutConstraint.swift */; };
		C9208ADD1DF013D400B9CE64 /* ShadowTextField.swift in Sources */ = {isa = PBXBuildFile; fileRef = C9208ADC1DF013D400B9CE64 /* ShadowTextField.swift */; };
		C9208ADF1DF01FC500B9CE64 /* MessagePopUpViewController.swift in Sources */ = {isa = PBXBuildFile; fileRef = C9208ADE1DF01FC500B9CE64 /* MessagePopUpViewController.swift */; };
		C9385F9D1DEF857400DD27D0 /* LocationSearchTable.swift in Sources */ = {isa = PBXBuildFile; fileRef = C9385F9C1DEF857400DD27D0 /* LocationSearchTable.swift */; };
		C9385F9F1DEF918A00DD27D0 /* LaunchVC.swift in Sources */ = {isa = PBXBuildFile; fileRef = C9385F9E1DEF918A00DD27D0 /* LaunchVC.swift */; };
		C9385FA31DEFB3F700DD27D0 /* ShowAlert.swift in Sources */ = {isa = PBXBuildFile; fileRef = C9385FA21DEFB3F700DD27D0 /* ShowAlert.swift */; };
		C9385FA51DEFBA5300DD27D0 /* ShakeTextField.swift in Sources */ = {isa = PBXBuildFile; fileRef = C9385FA41DEFBA5300DD27D0 /* ShakeTextField.swift */; };
		C9385FA71DEFCC6700DD27D0 /* ShakeLabel.swift in Sources */ = {isa = PBXBuildFile; fileRef = C9385FA61DEFCC6700DD27D0 /* ShakeLabel.swift */; };
		C958A0BC1DEB2CFB00174291 /* RoundButton.swift in Sources */ = {isa = PBXBuildFile; fileRef = C958A0BB1DEB2CFB00174291 /* RoundButton.swift */; };
		C958A0BE1DEB2F7900174291 /* User.swift in Sources */ = {isa = PBXBuildFile; fileRef = C958A0BD1DEB2F7900174291 /* User.swift */; };
		C958A0C01DEB32A400174291 /* UserCell.swift in Sources */ = {isa = PBXBuildFile; fileRef = C958A0BF1DEB32A400174291 /* UserCell.swift */; };
		C958A0C21DEB346500174291 /* SignUpVC2.swift in Sources */ = {isa = PBXBuildFile; fileRef = C958A0C11DEB346500174291 /* SignUpVC2.swift */; };
		C958A0C41DEB34D400174291 /* SearchVC.swift in Sources */ = {isa = PBXBuildFile; fileRef = C958A0C31DEB34D400174291 /* SearchVC.swift */; };
		C958A0C61DEB350600174291 /* DonateBloodVC.swift in Sources */ = {isa = PBXBuildFile; fileRef = C958A0C51DEB350600174291 /* DonateBloodVC.swift */; };
		C958A0C81DEB353100174291 /* HospitalVC.swift in Sources */ = {isa = PBXBuildFile; fileRef = C958A0C71DEB353100174291 /* HospitalVC.swift */; };
		C958A0CA1DEB35BB00174291 /* TableVC.swift in Sources */ = {isa = PBXBuildFile; fileRef = C958A0C91DEB35BB00174291 /* TableVC.swift */; };
		C958A0CC1DEB35DE00174291 /* MapVC.swift in Sources */ = {isa = PBXBuildFile; fileRef = C958A0CB1DEB35DE00174291 /* MapVC.swift */; };
		C958A0CE1DEB3C8F00174291 /* GoogleService-Info.plist in Resources */ = {isa = PBXBuildFile; fileRef = C958A0CD1DEB3C8F00174291 /* GoogleService-Info.plist */; };
		C958A0D11DEB425900174291 /* DataService.swift in Sources */ = {isa = PBXBuildFile; fileRef = C958A0D01DEB425900174291 /* DataService.swift */; };
		C9C320DB1DEB9F74008F750E /* SignUpVC1.swift in Sources */ = {isa = PBXBuildFile; fileRef = C9C320DA1DEB9F74008F750E /* SignUpVC1.swift */; };
		CB61E43A1DE623FE00015F2C /* AppDelegate.swift in Sources */ = {isa = PBXBuildFile; fileRef = CB61E4391DE623FE00015F2C /* AppDelegate.swift */; };
		CB61E43C1DE623FE00015F2C /* LoginVC.swift in Sources */ = {isa = PBXBuildFile; fileRef = CB61E43B1DE623FE00015F2C /* LoginVC.swift */; };
		CB61E43F1DE623FE00015F2C /* Main.storyboard in Resources */ = {isa = PBXBuildFile; fileRef = CB61E43D1DE623FE00015F2C /* Main.storyboard */; };
		CB61E4411DE623FE00015F2C /* Assets.xcassets in Resources */ = {isa = PBXBuildFile; fileRef = CB61E4401DE623FE00015F2C /* Assets.xcassets */; };
		CB61E4441DE623FE00015F2C /* LaunchScreen.storyboard in Resources */ = {isa = PBXBuildFile; fileRef = CB61E4421DE623FE00015F2C /* LaunchScreen.storyboard */; };
		CB7E7F4F1DEC9FE100CADDC7 /* CoreLocation.framework in Frameworks */ = {isa = PBXBuildFile; fileRef = CB7E7F4E1DEC9FE100CADDC7 /* CoreLocation.framework */; };
/* End PBXBuildFile section */

/* Begin PBXFileReference section */
		8A3E96DA7D7E876CAB2E8147 /* Pods_BloodPlus.framework */ = {isa = PBXFileReference; explicitFileType = wrapper.framework; includeInIndex = 0; path = Pods_BloodPlus.framework; sourceTree = BUILT_PRODUCTS_DIR; };
		B270766CFE320606E60D07E7 /* Pods-BloodPlus.debug.xcconfig */ = {isa = PBXFileReference; includeInIndex = 1; lastKnownFileType = text.xcconfig; name = "Pods-BloodPlus.debug.xcconfig"; path = "Pods/Target Support Files/Pods-BloodPlus/Pods-BloodPlus.debug.xcconfig"; sourceTree = "<group>"; };
		C9208AD61DEFF81000B9CE64 /* UnderKeyboard.framework */ = {isa = PBXFileReference; lastKnownFileType = wrapper.framework; name = UnderKeyboard.framework; path = "Pods/../build/Debug-iphoneos/UnderKeyboard/UnderKeyboard.framework"; sourceTree = "<group>"; };
		C9208AD81DEFFB3D00B9CE64 /* KeyboardLayoutConstraint.swift */ = {isa = PBXFileReference; fileEncoding = 4; lastKnownFileType = sourcecode.swift; path = KeyboardLayoutConstraint.swift; sourceTree = "<group>"; };
		C9208ADC1DF013D400B9CE64 /* ShadowTextField.swift */ = {isa = PBXFileReference; fileEncoding = 4; lastKnownFileType = sourcecode.swift; path = ShadowTextField.swift; sourceTree = "<group>"; };
		C9208ADE1DF01FC500B9CE64 /* MessagePopUpViewController.swift */ = {isa = PBXFileReference; fileEncoding = 4; lastKnownFileType = sourcecode.swift; path = MessagePopUpViewController.swift; sourceTree = "<group>"; };
		C9385F9C1DEF857400DD27D0 /* LocationSearchTable.swift */ = {isa = PBXFileReference; fileEncoding = 4; lastKnownFileType = sourcecode.swift; path = LocationSearchTable.swift; sourceTree = "<group>"; };
		C9385F9E1DEF918A00DD27D0 /* LaunchVC.swift */ = {isa = PBXFileReference; fileEncoding = 4; lastKnownFileType = sourcecode.swift; path = LaunchVC.swift; sourceTree = "<group>"; };
		C9385FA21DEFB3F700DD27D0 /* ShowAlert.swift */ = {isa = PBXFileReference; fileEncoding = 4; lastKnownFileType = sourcecode.swift; path = ShowAlert.swift; sourceTree = "<group>"; };
		C9385FA41DEFBA5300DD27D0 /* ShakeTextField.swift */ = {isa = PBXFileReference; fileEncoding = 4; lastKnownFileType = sourcecode.swift; path = ShakeTextField.swift; sourceTree = "<group>"; };
		C9385FA61DEFCC6700DD27D0 /* ShakeLabel.swift */ = {isa = PBXFileReference; fileEncoding = 4; lastKnownFileType = sourcecode.swift; path = ShakeLabel.swift; sourceTree = "<group>"; };
		C958A0BB1DEB2CFB00174291 /* RoundButton.swift */ = {isa = PBXFileReference; fileEncoding = 4; lastKnownFileType = sourcecode.swift; path = RoundButton.swift; sourceTree = "<group>"; };
		C958A0BD1DEB2F7900174291 /* User.swift */ = {isa = PBXFileReference; fileEncoding = 4; lastKnownFileType = sourcecode.swift; path = User.swift; sourceTree = "<group>"; };
		C958A0BF1DEB32A400174291 /* UserCell.swift */ = {isa = PBXFileReference; fileEncoding = 4; lastKnownFileType = sourcecode.swift; path = UserCell.swift; sourceTree = "<group>"; };
		C958A0C11DEB346500174291 /* SignUpVC2.swift */ = {isa = PBXFileReference; fileEncoding = 4; lastKnownFileType = sourcecode.swift; path = SignUpVC2.swift; sourceTree = "<group>"; };
		C958A0C31DEB34D400174291 /* SearchVC.swift */ = {isa = PBXFileReference; fileEncoding = 4; lastKnownFileType = sourcecode.swift; path = SearchVC.swift; sourceTree = "<group>"; };
		C958A0C51DEB350600174291 /* DonateBloodVC.swift */ = {isa = PBXFileReference; fileEncoding = 4; lastKnownFileType = sourcecode.swift; path = DonateBloodVC.swift; sourceTree = "<group>"; };
		C958A0C71DEB353100174291 /* HospitalVC.swift */ = {isa = PBXFileReference; fileEncoding = 4; lastKnownFileType = sourcecode.swift; path = HospitalVC.swift; sourceTree = "<group>"; };
		C958A0C91DEB35BB00174291 /* TableVC.swift */ = {isa = PBXFileReference; fileEncoding = 4; lastKnownFileType = sourcecode.swift; path = TableVC.swift; sourceTree = "<group>"; };
		C958A0CB1DEB35DE00174291 /* MapVC.swift */ = {isa = PBXFileReference; fileEncoding = 4; lastKnownFileType = sourcecode.swift; path = MapVC.swift; sourceTree = "<group>"; };
		C958A0CD1DEB3C8F00174291 /* GoogleService-Info.plist */ = {isa = PBXFileReference; fileEncoding = 4; lastKnownFileType = text.plist.xml; path = "GoogleService-Info.plist"; sourceTree = "<group>"; };
		C958A0D01DEB425900174291 /* DataService.swift */ = {isa = PBXFileReference; fileEncoding = 4; lastKnownFileType = sourcecode.swift; path = DataService.swift; sourceTree = "<group>"; };
		C97A0DBD1DEFEC3100EEDFF8 /* IQKeyboardManagerSwift.framework */ = {isa = PBXFileReference; lastKnownFileType = wrapper.framework; name = IQKeyboardManagerSwift.framework; path = "../../Library/Developer/Xcode/DerivedData/BloodPlus-akadfyajcrokiaaiouhbvhsfgbtz/Build/Products/Debug-iphoneos/IQKeyboardManagerSwift/IQKeyboardManagerSwift.framework"; sourceTree = "<group>"; };
		C986C5741DEE8B83006EEC50 /* BloodPlus.entitlements */ = {isa = PBXFileReference; lastKnownFileType = text.plist.entitlements; path = BloodPlus.entitlements; sourceTree = "<group>"; };
		C9C320DA1DEB9F74008F750E /* SignUpVC1.swift */ = {isa = PBXFileReference; fileEncoding = 4; lastKnownFileType = sourcecode.swift; path = SignUpVC1.swift; sourceTree = "<group>"; };
		CB61E4361DE623FE00015F2C /* BloodPlus.app */ = {isa = PBXFileReference; explicitFileType = wrapper.application; includeInIndex = 0; path = BloodPlus.app; sourceTree = BUILT_PRODUCTS_DIR; };
		CB61E4391DE623FE00015F2C /* AppDelegate.swift */ = {isa = PBXFileReference; lastKnownFileType = sourcecode.swift; path = AppDelegate.swift; sourceTree = "<group>"; };
		CB61E43B1DE623FE00015F2C /* LoginVC.swift */ = {isa = PBXFileReference; lastKnownFileType = sourcecode.swift; path = LoginVC.swift; sourceTree = "<group>"; };
		CB61E43E1DE623FE00015F2C /* Base */ = {isa = PBXFileReference; lastKnownFileType = file.storyboard; name = Base; path = Base.lproj/Main.storyboard; sourceTree = "<group>"; };
		CB61E4401DE623FE00015F2C /* Assets.xcassets */ = {isa = PBXFileReference; lastKnownFileType = folder.assetcatalog; path = Assets.xcassets; sourceTree = "<group>"; };
		CB61E4431DE623FE00015F2C /* Base */ = {isa = PBXFileReference; lastKnownFileType = file.storyboard; name = Base; path = Base.lproj/LaunchScreen.storyboard; sourceTree = "<group>"; };
		CB61E4451DE623FE00015F2C /* Info.plist */ = {isa = PBXFileReference; lastKnownFileType = text.plist.xml; path = Info.plist; sourceTree = "<group>"; };
		CB7E7F4E1DEC9FE100CADDC7 /* CoreLocation.framework */ = {isa = PBXFileReference; lastKnownFileType = wrapper.framework; name = CoreLocation.framework; path = System/Library/Frameworks/CoreLocation.framework; sourceTree = SDKROOT; };
		FC6B90DD60FBA2F676EFAB7C /* Pods-BloodPlus.release.xcconfig */ = {isa = PBXFileReference; includeInIndex = 1; lastKnownFileType = text.xcconfig; name = "Pods-BloodPlus.release.xcconfig"; path = "Pods/Target Support Files/Pods-BloodPlus/Pods-BloodPlus.release.xcconfig"; sourceTree = "<group>"; };
/* End PBXFileReference section */

/* Begin PBXFrameworksBuildPhase section */
		CB61E4331DE623FE00015F2C /* Frameworks */ = {
			isa = PBXFrameworksBuildPhase;
			buildActionMask = 2147483647;
			files = (
				CB7E7F4F1DEC9FE100CADDC7 /* CoreLocation.framework in Frameworks */,
				455A4AA9E7EBBCDA19BB41D2 /* Pods_BloodPlus.framework in Frameworks */,
			);
			runOnlyForDeploymentPostprocessing = 0;
		};
/* End PBXFrameworksBuildPhase section */

/* Begin PBXGroup section */
		136E54390AE2F552424F8074 /* Pods */ = {
			isa = PBXGroup;
			children = (
				B270766CFE320606E60D07E7 /* Pods-BloodPlus.debug.xcconfig */,
				FC6B90DD60FBA2F676EFAB7C /* Pods-BloodPlus.release.xcconfig */,
			);
			name = Pods;
			sourceTree = "<group>";
		};
		BC51D2D761F82E291067416D /* Frameworks */ = {
			isa = PBXGroup;
			children = (
				C9208AD61DEFF81000B9CE64 /* UnderKeyboard.framework */,
				C97A0DBD1DEFEC3100EEDFF8 /* IQKeyboardManagerSwift.framework */,
				CB7E7F4E1DEC9FE100CADDC7 /* CoreLocation.framework */,
				8A3E96DA7D7E876CAB2E8147 /* Pods_BloodPlus.framework */,
			);
			name = Frameworks;
			sourceTree = "<group>";
		};
		C958A0B61DEA58CE00174291 /* Model */ = {
			isa = PBXGroup;
			children = (
				C958A0BD1DEB2F7900174291 /* User.swift */,
			);
			name = Model;
			sourceTree = "<group>";
		};
		C958A0B71DEA58D400174291 /* View */ = {
			isa = PBXGroup;
			children = (
				C958A0BB1DEB2CFB00174291 /* RoundButton.swift */,
				C958A0BF1DEB32A400174291 /* UserCell.swift */,
				C9208ADC1DF013D400B9CE64 /* ShadowTextField.swift */,
			);
			name = View;
			sourceTree = "<group>";
		};
		C958A0B81DEA58DE00174291 /* Controller */ = {
			isa = PBXGroup;
			children = (
				CB61E43B1DE623FE00015F2C /* LoginVC.swift */,
				C958A0C11DEB346500174291 /* SignUpVC2.swift */,
				C958A0C31DEB34D400174291 /* SearchVC.swift */,
				C958A0C51DEB350600174291 /* DonateBloodVC.swift */,
				C958A0C71DEB353100174291 /* HospitalVC.swift */,
				C9385F9C1DEF857400DD27D0 /* LocationSearchTable.swift */,
				C958A0C91DEB35BB00174291 /* TableVC.swift */,
				C958A0CB1DEB35DE00174291 /* MapVC.swift */,
				C9C320DA1DEB9F74008F750E /* SignUpVC1.swift */,
				C9385F9E1DEF918A00DD27D0 /* LaunchVC.swift */,
				C9208ADE1DF01FC500B9CE64 /* MessagePopUpViewController.swift */,
			);
			name = Controller;
			sourceTree = "<group>";
		};
		C958A0CF1DEB424700174291 /* Services */ = {
			isa = PBXGroup;
			children = (
				C958A0D01DEB425900174291 /* DataService.swift */,
			);
			name = Services;
			sourceTree = "<group>";
		};
		C986C56F1DEE80E4006EEC50 /* Utilities */ = {
			isa = PBXGroup;
			children = (
				C9208AD81DEFFB3D00B9CE64 /* KeyboardLayoutConstraint.swift */,
				C9385FA21DEFB3F700DD27D0 /* ShowAlert.swift */,
				C9385FA41DEFBA5300DD27D0 /* ShakeTextField.swift */,
				C9385FA61DEFCC6700DD27D0 /* ShakeLabel.swift */,
			);
			name = Utilities;
			sourceTree = "<group>";
		};
		CB61E42D1DE623FE00015F2C = {
			isa = PBXGroup;
			children = (
				CB61E4381DE623FE00015F2C /* BloodPlus */,
				CB61E4371DE623FE00015F2C /* Products */,
				136E54390AE2F552424F8074 /* Pods */,
				BC51D2D761F82E291067416D /* Frameworks */,
			);
			sourceTree = "<group>";
		};
		CB61E4371DE623FE00015F2C /* Products */ = {
			isa = PBXGroup;
			children = (
				CB61E4361DE623FE00015F2C /* BloodPlus.app */,
			);
			name = Products;
			sourceTree = "<group>";
		};
		CB61E4381DE623FE00015F2C /* BloodPlus */ = {
			isa = PBXGroup;
			children = (
				C986C5741DEE8B83006EEC50 /* BloodPlus.entitlements */,
				C986C56F1DEE80E4006EEC50 /* Utilities */,
				C958A0CF1DEB424700174291 /* Services */,
				C958A0B61DEA58CE00174291 /* Model */,
				C958A0B71DEA58D400174291 /* View */,
				C958A0B81DEA58DE00174291 /* Controller */,
				CB61E4391DE623FE00015F2C /* AppDelegate.swift */,
				CB61E43D1DE623FE00015F2C /* Main.storyboard */,
				CB61E4401DE623FE00015F2C /* Assets.xcassets */,
				CB61E4421DE623FE00015F2C /* LaunchScreen.storyboard */,
				C958A0CD1DEB3C8F00174291 /* GoogleService-Info.plist */,
				CB61E4451DE623FE00015F2C /* Info.plist */,
			);
			path = BloodPlus;
			sourceTree = "<group>";
		};
/* End PBXGroup section */

/* Begin PBXNativeTarget section */
		CB61E4351DE623FE00015F2C /* BloodPlus */ = {
			isa = PBXNativeTarget;
			buildConfigurationList = CB61E4481DE623FE00015F2C /* Build configuration list for PBXNativeTarget "BloodPlus" */;
			buildPhases = (
				AC8488DE7B1FCA3CE04992E1 /* [CP] Check Pods Manifest.lock */,
				CB61E4321DE623FE00015F2C /* Sources */,
				CB61E4331DE623FE00015F2C /* Frameworks */,
				CB61E4341DE623FE00015F2C /* Resources */,
				30A3E1AACBB3D6ACEC8788A9 /* [CP] Embed Pods Frameworks */,
				FD633958124938D49DC16BA3 /* [CP] Copy Pods Resources */,
			);
			buildRules = (
			);
			dependencies = (
			);
			name = BloodPlus;
			productName = BloodPlus;
			productReference = CB61E4361DE623FE00015F2C /* BloodPlus.app */;
			productType = "com.apple.product-type.application";
		};
/* End PBXNativeTarget section */

/* Begin PBXProject section */
		CB61E42E1DE623FE00015F2C /* Project object */ = {
			isa = PBXProject;
			attributes = {
				LastSwiftUpdateCheck = 0730;
				LastUpgradeCheck = 0730;
				ORGANIZATIONNAME = DarshanHosakote;
				TargetAttributes = {
					CB61E4351DE623FE00015F2C = {
						CreatedOnToolsVersion = 7.3.1;
						DevelopmentTeam = R4WAP78ZC5;
						ProvisioningStyle = Automatic;
						SystemCapabilities = {
							com.apple.Keychain = {
								enabled = 0;
							};
						};
					};
				};
			};
			buildConfigurationList = CB61E4311DE623FE00015F2C /* Build configuration list for PBXProject "BloodPlus" */;
			compatibilityVersion = "Xcode 3.2";
			developmentRegion = English;
			hasScannedForEncodings = 0;
			knownRegions = (
				en,
				Base,
			);
			mainGroup = CB61E42D1DE623FE00015F2C;
			productRefGroup = CB61E4371DE623FE00015F2C /* Products */;
			projectDirPath = "";
			projectRoot = "";
			targets = (
				CB61E4351DE623FE00015F2C /* BloodPlus */,
			);
		};
/* End PBXProject section */

/* Begin PBXResourcesBuildPhase section */
		CB61E4341DE623FE00015F2C /* Resources */ = {
			isa = PBXResourcesBuildPhase;
			buildActionMask = 2147483647;
			files = (
				CB61E4441DE623FE00015F2C /* LaunchScreen.storyboard in Resources */,
				C958A0CE1DEB3C8F00174291 /* GoogleService-Info.plist in Resources */,
				CB61E4411DE623FE00015F2C /* Assets.xcassets in Resources */,
				CB61E43F1DE623FE00015F2C /* Main.storyboard in Resources */,
			);
			runOnlyForDeploymentPostprocessing = 0;
		};
/* End PBXResourcesBuildPhase section */

/* Begin PBXShellScriptBuildPhase section */
		30A3E1AACBB3D6ACEC8788A9 /* [CP] Embed Pods Frameworks */ = {
			isa = PBXShellScriptBuildPhase;
			buildActionMask = 2147483647;
			files = (
			);
			inputPaths = (
			);
			name = "[CP] Embed Pods Frameworks";
			outputPaths = (
			);
			runOnlyForDeploymentPostprocessing = 0;
			shellPath = /bin/sh;
			shellScript = "\"${SRCROOT}/Pods/Target Support Files/Pods-BloodPlus/Pods-BloodPlus-frameworks.sh\"\n";
			showEnvVarsInLog = 0;
		};
		AC8488DE7B1FCA3CE04992E1 /* [CP] Check Pods Manifest.lock */ = {
			isa = PBXShellScriptBuildPhase;
			buildActionMask = 2147483647;
			files = (
			);
			inputPaths = (
			);
			name = "[CP] Check Pods Manifest.lock";
			outputPaths = (
			);
			runOnlyForDeploymentPostprocessing = 0;
			shellPath = /bin/sh;
			shellScript = "diff \"${PODS_ROOT}/../Podfile.lock\" \"${PODS_ROOT}/Manifest.lock\" > /dev/null\nif [ $? != 0 ] ; then\n    # print error to STDERR\n    echo \"error: The sandbox is not in sync with the Podfile.lock. Run 'pod install' or update your CocoaPods installation.\" >&2\n    exit 1\nfi\n";
			showEnvVarsInLog = 0;
		};
		FD633958124938D49DC16BA3 /* [CP] Copy Pods Resources */ = {
			isa = PBXShellScriptBuildPhase;
			buildActionMask = 2147483647;
			files = (
			);
			inputPaths = (
			);
			name = "[CP] Copy Pods Resources";
			outputPaths = (
			);
			runOnlyForDeploymentPostprocessing = 0;
			shellPath = /bin/sh;
			shellScript = "\"${SRCROOT}/Pods/Target Support Files/Pods-BloodPlus/Pods-BloodPlus-resources.sh\"\n";
			showEnvVarsInLog = 0;
		};
/* End PBXShellScriptBuildPhase section */

/* Begin PBXSourcesBuildPhase section */
		CB61E4321DE623FE00015F2C /* Sources */ = {
			isa = PBXSourcesBuildPhase;
			buildActionMask = 2147483647;
			files = (
				C9208ADF1DF01FC500B9CE64 /* MessagePopUpViewController.swift in Sources */,
				C958A0CA1DEB35BB00174291 /* TableVC.swift in Sources */,
				C958A0D11DEB425900174291 /* DataService.swift in Sources */,
				C9C320DB1DEB9F74008F750E /* SignUpVC1.swift in Sources */,
				C9208ADD1DF013D400B9CE64 /* ShadowTextField.swift in Sources */,
				C9208AD91DEFFB3D00B9CE64 /* KeyboardLayoutConstraint.swift in Sources */,
				C9385FA31DEFB3F700DD27D0 /* ShowAlert.swift in Sources */,
				C958A0CC1DEB35DE00174291 /* MapVC.swift in Sources */,
				C958A0C41DEB34D400174291 /* SearchVC.swift in Sources */,
				C958A0C21DEB346500174291 /* SignUpVC2.swift in Sources */,
				C958A0BC1DEB2CFB00174291 /* RoundButton.swift in Sources */,
				C9385F9D1DEF857400DD27D0 /* LocationSearchTable.swift in Sources */,
				C9385FA51DEFBA5300DD27D0 /* ShakeTextField.swift in Sources */,
				C9385F9F1DEF918A00DD27D0 /* LaunchVC.swift in Sources */,
				CB61E43C1DE623FE00015F2C /* LoginVC.swift in Sources */,
				C958A0C81DEB353100174291 /* HospitalVC.swift in Sources */,
				C958A0C01DEB32A400174291 /* UserCell.swift in Sources */,
				C958A0C61DEB350600174291 /* DonateBloodVC.swift in Sources */,
				C9385FA71DEFCC6700DD27D0 /* ShakeLabel.swift in Sources */,
				C958A0BE1DEB2F7900174291 /* User.swift in Sources */,
				CB61E43A1DE623FE00015F2C /* AppDelegate.swift in Sources */,
			);
			runOnlyForDeploymentPostprocessing = 0;
		};
/* End PBXSourcesBuildPhase section */

/* Begin PBXVariantGroup section */
		CB61E43D1DE623FE00015F2C /* Main.storyboard */ = {
			isa = PBXVariantGroup;
			children = (
				CB61E43E1DE623FE00015F2C /* Base */,
			);
			name = Main.storyboard;
			sourceTree = "<group>";
		};
		CB61E4421DE623FE00015F2C /* LaunchScreen.storyboard */ = {
			isa = PBXVariantGroup;
			children = (
				CB61E4431DE623FE00015F2C /* Base */,
			);
			name = LaunchScreen.storyboard;
			sourceTree = "<group>";
		};
/* End PBXVariantGroup section */

/* Begin XCBuildConfiguration section */
		CB61E4461DE623FE00015F2C /* Debug */ = {
			isa = XCBuildConfiguration;
			buildSettings = {
				ALWAYS_SEARCH_USER_PATHS = NO;
				CLANG_ANALYZER_NONNULL = YES;
				CLANG_CXX_LANGUAGE_STANDARD = "gnu++0x";
				CLANG_CXX_LIBRARY = "libc++";
				CLANG_ENABLE_MODULES = YES;
				CLANG_ENABLE_OBJC_ARC = YES;
				CLANG_WARN_BOOL_CONVERSION = YES;
				CLANG_WARN_CONSTANT_CONVERSION = YES;
				CLANG_WARN_DIRECT_OBJC_ISA_USAGE = YES_ERROR;
				CLANG_WARN_EMPTY_BODY = YES;
				CLANG_WARN_ENUM_CONVERSION = YES;
				CLANG_WARN_INT_CONVERSION = YES;
				CLANG_WARN_OBJC_ROOT_CLASS = YES_ERROR;
				CLANG_WARN_UNREACHABLE_CODE = YES;
				CLANG_WARN__DUPLICATE_METHOD_MATCH = YES;
				"CODE_SIGN_IDENTITY[sdk=iphoneos*]" = "iPhone Developer";
				COPY_PHASE_STRIP = NO;
				DEBUG_INFORMATION_FORMAT = dwarf;
				ENABLE_STRICT_OBJC_MSGSEND = YES;
				ENABLE_TESTABILITY = YES;
				GCC_C_LANGUAGE_STANDARD = gnu99;
				GCC_DYNAMIC_NO_PIC = NO;
				GCC_NO_COMMON_BLOCKS = YES;
				GCC_OPTIMIZATION_LEVEL = 0;
				GCC_PREPROCESSOR_DEFINITIONS = (
					"DEBUG=1",
					"$(inherited)",
				);
				GCC_WARN_64_TO_32_BIT_CONVERSION = YES;
				GCC_WARN_ABOUT_RETURN_TYPE = YES_ERROR;
				GCC_WARN_UNDECLARED_SELECTOR = YES;
				GCC_WARN_UNINITIALIZED_AUTOS = YES_AGGRESSIVE;
				GCC_WARN_UNUSED_FUNCTION = YES;
				GCC_WARN_UNUSED_VARIABLE = YES;
				IPHONEOS_DEPLOYMENT_TARGET = 9.3;
				MTL_ENABLE_DEBUG_INFO = YES;
				ONLY_ACTIVE_ARCH = YES;
				SDKROOT = iphoneos;
				SWIFT_OPTIMIZATION_LEVEL = "-Onone";
			};
			name = Debug;
		};
		CB61E4471DE623FE00015F2C /* Release */ = {
			isa = XCBuildConfiguration;
			buildSettings = {
				ALWAYS_SEARCH_USER_PATHS = NO;
				CLANG_ANALYZER_NONNULL = YES;
				CLANG_CXX_LANGUAGE_STANDARD = "gnu++0x";
				CLANG_CXX_LIBRARY = "libc++";
				CLANG_ENABLE_MODULES = YES;
				CLANG_ENABLE_OBJC_ARC = YES;
				CLANG_WARN_BOOL_CONVERSION = YES;
				CLANG_WARN_CONSTANT_CONVERSION = YES;
				CLANG_WARN_DIRECT_OBJC_ISA_USAGE = YES_ERROR;
				CLANG_WARN_EMPTY_BODY = YES;
				CLANG_WARN_ENUM_CONVERSION = YES;
				CLANG_WARN_INT_CONVERSION = YES;
				CLANG_WARN_OBJC_ROOT_CLASS = YES_ERROR;
				CLANG_WARN_UNREACHABLE_CODE = YES;
				CLANG_WARN__DUPLICATE_METHOD_MATCH = YES;
				"CODE_SIGN_IDENTITY[sdk=iphoneos*]" = "iPhone Developer";
				COPY_PHASE_STRIP = NO;
				DEBUG_INFORMATION_FORMAT = "dwarf-with-dsym";
				ENABLE_NS_ASSERTIONS = NO;
				ENABLE_STRICT_OBJC_MSGSEND = YES;
				GCC_C_LANGUAGE_STANDARD = gnu99;
				GCC_NO_COMMON_BLOCKS = YES;
				GCC_WARN_64_TO_32_BIT_CONVERSION = YES;
				GCC_WARN_ABOUT_RETURN_TYPE = YES_ERROR;
				GCC_WARN_UNDECLARED_SELECTOR = YES;
				GCC_WARN_UNINITIALIZED_AUTOS = YES_AGGRESSIVE;
				GCC_WARN_UNUSED_FUNCTION = YES;
				GCC_WARN_UNUSED_VARIABLE = YES;
				IPHONEOS_DEPLOYMENT_TARGET = 9.3;
				MTL_ENABLE_DEBUG_INFO = NO;
				SDKROOT = iphoneos;
				VALIDATE_PRODUCT = YES;
			};
			name = Release;
		};
		CB61E4491DE623FE00015F2C /* Debug */ = {
			isa = XCBuildConfiguration;
			baseConfigurationReference = B270766CFE320606E60D07E7 /* Pods-BloodPlus.debug.xcconfig */;
			buildSettings = {
				ASSETCATALOG_COMPILER_APPICON_NAME = AppIcon;
				"CODE_SIGN_IDENTITY[sdk=iphoneos*]" = "iPhone Developer";
				DEVELOPMENT_TEAM = R4WAP78ZC5;
				FRAMEWORK_SEARCH_PATHS = (
					"$(inherited)",
					"$(PROJECT_DIR)/build/Debug-iphoneos/UnderKeyboard",
				);
				INFOPLIST_FILE = BloodPlus/Info.plist;
				LD_RUNPATH_SEARCH_PATHS = "$(inherited) @executable_path/Frameworks";
				PRODUCT_BUNDLE_IDENTIFIER = com.DarshanHosakote.BloodPlus;
				PRODUCT_NAME = "$(TARGET_NAME)";
				SWIFT_VERSION = 2.3;
			};
			name = Debug;
		};
		CB61E44A1DE623FE00015F2C /* Release */ = {
			isa = XCBuildConfiguration;
			baseConfigurationReference = FC6B90DD60FBA2F676EFAB7C /* Pods-BloodPlus.release.xcconfig */;
			buildSettings = {
				ASSETCATALOG_COMPILER_APPICON_NAME = AppIcon;
				"CODE_SIGN_IDENTITY[sdk=iphoneos*]" = "iPhone Developer";
				DEVELOPMENT_TEAM = R4WAP78ZC5;
				FRAMEWORK_SEARCH_PATHS = (
					"$(inherited)",
					"$(PROJECT_DIR)/build/Debug-iphoneos/UnderKeyboard",
				);
				INFOPLIST_FILE = BloodPlus/Info.plist;
				LD_RUNPATH_SEARCH_PATHS = "$(inherited) @executable_path/Frameworks";
				PRODUCT_BUNDLE_IDENTIFIER = com.DarshanHosakote.BloodPlus;
				PRODUCT_NAME = "$(TARGET_NAME)";
				SWIFT_VERSION = 2.3;
			};
			name = Release;
		};
/* End XCBuildConfiguration section */

/* Begin XCConfigurationList section */
		CB61E4311DE623FE00015F2C /* Build configuration list for PBXProject "BloodPlus" */ = {
			isa = XCConfigurationList;
			buildConfigurations = (
				CB61E4461DE623FE00015F2C /* Debug */,
				CB61E4471DE623FE00015F2C /* Release */,
			);
			defaultConfigurationIsVisible = 0;
			defaultConfigurationName = Release;
		};
		CB61E4481DE623FE00015F2C /* Build configuration list for PBXNativeTarget "BloodPlus" */ = {
			isa = XCConfigurationList;
			buildConfigurations = (
				CB61E4491DE623FE00015F2C /* Debug */,
				CB61E44A1DE623FE00015F2C /* Release */,
			);
			defaultConfigurationIsVisible = 0;
			defaultConfigurationName = Release;
		};
/* End XCConfigurationList section */
	};
	rootObject = CB61E42E1DE623FE00015F2C /* Project object */;
}
