// !$*UTF8*$!
{
	archiveVersion = 1;
	classes = {
	};
	objectVersion = 46;
	objects = {

/* Begin PBXBuildFile section */
		CB61E43A1DE623FE00015F2C /* AppDelegate.swift in Sources */ = {isa = PBXBuildFile; fileRef = CB61E4391DE623FE00015F2C /* AppDelegate.swift */; };
		CB61E43C1DE623FE00015F2C /* ViewController.swift in Sources */ = {isa = PBXBuildFile; fileRef = CB61E43B1DE623FE00015F2C /* ViewController.swift */; };
		CB61E43F1DE623FE00015F2C /* Main.storyboard in Resources */ = {isa = PBXBuildFile; fileRef = CB61E43D1DE623FE00015F2C /* Main.storyboard */; };
		CB61E4411DE623FE00015F2C /* Assets.xcassets in Resources */ = {isa = PBXBuildFile; fileRef = CB61E4401DE623FE00015F2C /* Assets.xcassets */; };
		CB61E4441DE623FE00015F2C /* LaunchScreen.storyboard in Resources */ = {isa = PBXBuildFile; fileRef = CB61E4421DE623FE00015F2C /* LaunchScreen.storyboard */; };
		CB61E44C1DE6287F00015F2C /* GoogleService-Info.plist in Resources */ = {isa = PBXBuildFile; fileRef = CB61E44B1DE6287F00015F2C /* GoogleService-Info.plist */; };
/* End PBXBuildFile section */

/* Begin PBXFileReference section */
		CB61E4361DE623FE00015F2C /* BloodPlus.app */ = {isa = PBXFileReference; explicitFileType = wrapper.application; includeInIndex = 0; path = BloodPlus.app; sourceTree = BUILT_PRODUCTS_DIR; };
		CB61E4391DE623FE00015F2C /* AppDelegate.swift */ = {isa = PBXFileReference; lastKnownFileType = sourcecode.swift; path = AppDelegate.swift; sourceTree = "<group>"; };
		CB61E43B1DE623FE00015F2C /* ViewController.swift */ = {isa = PBXFileReference; lastKnownFileType = sourcecode.swift; path = ViewController.swift; sourceTree = "<group>"; };
		CB61E43E1DE623FE00015F2C /* Base */ = {isa = PBXFileReference; lastKnownFileType = file.storyboard; name = Base; path = Base.lproj/Main.storyboard; sourceTree = "<group>"; };
		CB61E4401DE623FE00015F2C /* Assets.xcassets */ = {isa = PBXFileReference; lastKnownFileType = folder.assetcatalog; path = Assets.xcassets; sourceTree = "<group>"; };
		CB61E4431DE623FE00015F2C /* Base */ = {isa = PBXFileReference; lastKnownFileType = file.storyboard; name = Base; path = Base.lproj/LaunchScreen.storyboard; sourceTree = "<group>"; };
		CB61E4451DE623FE00015F2C /* Info.plist */ = {isa = PBXFileReference; lastKnownFileType = text.plist.xml; path = Info.plist; sourceTree = "<group>"; };
		CB61E44B1DE6287F00015F2C /* GoogleService-Info.plist */ = {isa = PBXFileReference; fileEncoding = 4; lastKnownFileType = text.plist.xml; path = "GoogleService-Info.plist"; sourceTree = "<group>"; };
/* End PBXFileReference section */

/* Begin PBXFrameworksBuildPhase section */
		CB61E4331DE623FE00015F2C /* Frameworks */ = {
			isa = PBXFrameworksBuildPhase;
			buildActionMask = 2147483647;
			files = (
			);
			runOnlyForDeploymentPostprocessing = 0;
		};
/* End PBXFrameworksBuildPhase section */

/* Begin PBXGroup section */
		CB61E42D1DE623FE00015F2C = {
			isa = PBXGroup;
			children = (
				CB61E4381DE623FE00015F2C /* BloodPlus */,
				CB61E4371DE623FE00015F2C /* Products */,
			);
			sourceTree = "<group>";
		};
		CB61E4371DE623FE00015F2C /* Products */ = {
			isa = PBXGroup;
			children = (
				CB61E4361DE623FE00015F2C /* BloodPlus.app */,
			);
			name = Products;
			sourceTree = "<group>";
		};
		CB61E4381DE623FE00015F2C /* BloodPlus */ = {
			isa = PBXGroup;
			children = (
				CB61E44B1DE6287F00015F2C /* GoogleService-Info.plist */,
				CB61E4391DE623FE00015F2C /* AppDelegate.swift */,
				CB61E43B1DE623FE00015F2C /* ViewController.swift */,
				CB61E43D1DE623FE00015F2C /* Main.storyboard */,
				CB61E4401DE623FE00015F2C /* Assets.xcassets */,
				CB61E4421DE623FE00015F2C /* LaunchScreen.storyboard */,
				CB61E4451DE623FE00015F2C /* Info.plist */,
			);
			path = BloodPlus;
			sourceTree = "<group>";
		};
/* End PBXGroup section */

/* Begin PBXNativeTarget section */
		CB61E4351DE623FE00015F2C /* BloodPlus */ = {
			isa = PBXNativeTarget;
			buildConfigurationList = CB61E4481DE623FE00015F2C /* Build configuration list for PBXNativeTarget "BloodPlus" */;
			buildPhases = (
				CB61E4321DE623FE00015F2C /* Sources */,
				CB61E4331DE623FE00015F2C /* Frameworks */,
				CB61E4341DE623FE00015F2C /* Resources */,
			);
			buildRules = (
			);
			dependencies = (
			);
			name = BloodPlus;
			productName = BloodPlus;
			productReference = CB61E4361DE623FE00015F2C /* BloodPlus.app */;
			productType = "com.apple.product-type.application";
		};
/* End PBXNativeTarget section */

/* Begin PBXProject section */
		CB61E42E1DE623FE00015F2C /* Project object */ = {
			isa = PBXProject;
			attributes = {
				LastSwiftUpdateCheck = 0730;
				LastUpgradeCheck = 0730;
				ORGANIZATIONNAME = DarshanHosakote;
				TargetAttributes = {
					CB61E4351DE623FE00015F2C = {
						CreatedOnToolsVersion = 7.3.1;
						DevelopmentTeam = R4WAP78ZC5;
					};
				};
			};
			buildConfigurationList = CB61E4311DE623FE00015F2C /* Build configuration list for PBXProject "BloodPlus" */;
			compatibilityVersion = "Xcode 3.2";
			developmentRegion = English;
			hasScannedForEncodings = 0;
			knownRegions = (
				en,
				Base,
			);
			mainGroup = CB61E42D1DE623FE00015F2C;
			productRefGroup = CB61E4371DE623FE00015F2C /* Products */;
			projectDirPath = "";
			projectRoot = "";
			targets = (
				CB61E4351DE623FE00015F2C /* BloodPlus */,
			);
		};
/* End PBXProject section */

/* Begin PBXResourcesBuildPhase section */
		CB61E4341DE623FE00015F2C /* Resources */ = {
			isa = PBXResourcesBuildPhase;
			buildActionMask = 2147483647;
			files = (
				CB61E4441DE623FE00015F2C /* LaunchScreen.storyboard in Resources */,
				CB61E44C1DE6287F00015F2C /* GoogleService-Info.plist in Resources */,
				CB61E4411DE623FE00015F2C /* Assets.xcassets in Resources */,
				CB61E43F1DE623FE00015F2C /* Main.storyboard in Resources */,
			);
			runOnlyForDeploymentPostprocessing = 0;
		};
/* End PBXResourcesBuildPhase section */

/* Begin PBXSourcesBuildPhase section */
		CB61E4321DE623FE00015F2C /* Sources */ = {
			isa = PBXSourcesBuildPhase;
			buildActionMask = 2147483647;
			files = (
				CB61E43C1DE623FE00015F2C /* ViewController.swift in Sources */,
				CB61E43A1DE623FE00015F2C /* AppDelegate.swift in Sources */,
			);
			runOnlyForDeploymentPostprocessing = 0;
		};
/* End PBXSourcesBuildPhase section */

/* Begin PBXVariantGroup section */
		CB61E43D1DE623FE00015F2C /* Main.storyboard */ = {
			isa = PBXVariantGroup;
			children = (
				CB61E43E1DE623FE00015F2C /* Base */,
			);
			name = Main.storyboard;
			sourceTree = "<group>";
		};
		CB61E4421DE623FE00015F2C /* LaunchScreen.storyboard */ = {
			isa = PBXVariantGroup;
			children = (
				CB61E4431DE623FE00015F2C /* Base */,
			);
			name = LaunchScreen.storyboard;
			sourceTree = "<group>";
		};
/* End PBXVariantGroup section */

/* Begin XCBuildConfiguration section */
		CB61E4461DE623FE00015F2C /* Debug */ = {
			isa = XCBuildConfiguration;
			buildSettings = {
				ALWAYS_SEARCH_USER_PATHS = NO;
				CLANG_ANALYZER_NONNULL = YES;
				CLANG_CXX_LANGUAGE_STANDARD = "gnu++0x";
				CLANG_CXX_LIBRARY = "libc++";
				CLANG_ENABLE_MODULES = YES;
				CLANG_ENABLE_OBJC_ARC = YES;
				CLANG_WARN_BOOL_CONVERSION = YES;
				CLANG_WARN_CONSTANT_CONVERSION = YES;
				CLANG_WARN_DIRECT_OBJC_ISA_USAGE = YES_ERROR;
				CLANG_WARN_EMPTY_BODY = YES;
				CLANG_WARN_ENUM_CONVERSION = YES;
				CLANG_WARN_INT_CONVERSION = YES;
				CLANG_WARN_OBJC_ROOT_CLASS = YES_ERROR;
				CLANG_WARN_UNREACHABLE_CODE = YES;
				CLANG_WARN__DUPLICATE_METHOD_MATCH = YES;
				"CODE_SIGN_IDENTITY[sdk=iphoneos*]" = "iPhone Developer";
				COPY_PHASE_STRIP = NO;
				DEBUG_INFORMATION_FORMAT = dwarf;
				ENABLE_STRICT_OBJC_MSGSEND = YES;
				ENABLE_TESTABILITY = YES;
				GCC_C_LANGUAGE_STANDARD = gnu99;
				GCC_DYNAMIC_NO_PIC = NO;
				GCC_NO_COMMON_BLOCKS = YES;
				GCC_OPTIMIZATION_LEVEL = 0;
				GCC_PREPROCESSOR_DEFINITIONS = (
					"DEBUG=1",
					"$(inherited)",
				);
				GCC_WARN_64_TO_32_BIT_CONVERSION = YES;
				GCC_WARN_ABOUT_RETURN_TYPE = YES_ERROR;
				GCC_WARN_UNDECLARED_SELECTOR = YES;
				GCC_WARN_UNINITIALIZED_AUTOS = YES_AGGRESSIVE;
				GCC_WARN_UNUSED_FUNCTION = YES;
				GCC_WARN_UNUSED_VARIABLE = YES;
				IPHONEOS_DEPLOYMENT_TARGET = 9.3;
				MTL_ENABLE_DEBUG_INFO = YES;
				ONLY_ACTIVE_ARCH = YES;
				SDKROOT = iphoneos;
				SWIFT_OPTIMIZATION_LEVEL = "-Onone";
			};
			name = Debug;
		};
		CB61E4471DE623FE00015F2C /* Release */ = {
			isa = XCBuildConfiguration;
			buildSettings = {
				ALWAYS_SEARCH_USER_PATHS = NO;
				CLANG_ANALYZER_NONNULL = YES;
				CLANG_CXX_LANGUAGE_STANDARD = "gnu++0x";
				CLANG_CXX_LIBRARY = "libc++";
				CLANG_ENABLE_MODULES = YES;
				CLANG_ENABLE_OBJC_ARC = YES;
				CLANG_WARN_BOOL_CONVERSION = YES;
				CLANG_WARN_CONSTANT_CONVERSION = YES;
				CLANG_WARN_DIRECT_OBJC_ISA_USAGE = YES_ERROR;
				CLANG_WARN_EMPTY_BODY = YES;
				CLANG_WARN_ENUM_CONVERSION = YES;
				CLANG_WARN_INT_CONVERSION = YES;
				CLANG_WARN_OBJC_ROOT_CLASS = YES_ERROR;
				CLANG_WARN_UNREACHABLE_CODE = YES;
				CLANG_WARN__DUPLICATE_METHOD_MATCH = YES;
				"CODE_SIGN_IDENTITY[sdk=iphoneos*]" = "iPhone Developer";
				COPY_PHASE_STRIP = NO;
				DEBUG_INFORMATION_FORMAT = "dwarf-with-dsym";
				ENABLE_NS_ASSERTIONS = NO;
				ENABLE_STRICT_OBJC_MSGSEND = YES;
				GCC_C_LANGUAGE_STANDARD = gnu99;
				GCC_NO_COMMON_BLOCKS = YES;
				GCC_WARN_64_TO_32_BIT_CONVERSION = YES;
				GCC_WARN_ABOUT_RETURN_TYPE = YES_ERROR;
				GCC_WARN_UNDECLARED_SELECTOR = YES;
				GCC_WARN_UNINITIALIZED_AUTOS = YES_AGGRESSIVE;
				GCC_WARN_UNUSED_FUNCTION = YES;
				GCC_WARN_UNUSED_VARIABLE = YES;
				IPHONEOS_DEPLOYMENT_TARGET = 9.3;
				MTL_ENABLE_DEBUG_INFO = NO;
				SDKROOT = iphoneos;
				VALIDATE_PRODUCT = YES;
			};
			name = Release;
		};
		CB61E4491DE623FE00015F2C /* Debug */ = {
			isa = XCBuildConfiguration;
			buildSettings = {
				ASSETCATALOG_COMPILER_APPICON_NAME = AppIcon;
				INFOPLIST_FILE = BloodPlus/Info.plist;
				LD_RUNPATH_SEARCH_PATHS = "$(inherited) @executable_path/Frameworks";
				PRODUCT_BUNDLE_IDENTIFIER = com.DarshanHosakote.BloodPlus;
				PRODUCT_NAME = "$(TARGET_NAME)";
			};
			name = Debug;
		};
		CB61E44A1DE623FE00015F2C /* Release */ = {
			isa = XCBuildConfiguration;
			buildSettings = {
				ASSETCATALOG_COMPILER_APPICON_NAME = AppIcon;
				INFOPLIST_FILE = BloodPlus/Info.plist;
				LD_RUNPATH_SEARCH_PATHS = "$(inherited) @executable_path/Frameworks";
				PRODUCT_BUNDLE_IDENTIFIER = com.DarshanHosakote.BloodPlus;
				PRODUCT_NAME = "$(TARGET_NAME)";
			};
			name = Release;
		};
/* End XCBuildConfiguration section */

/* Begin XCConfigurationList section */
		CB61E4311DE623FE00015F2C /* Build configuration list for PBXProject "BloodPlus" */ = {
			isa = XCConfigurationList;
			buildConfigurations = (
				CB61E4461DE623FE00015F2C /* Debug */,
				CB61E4471DE623FE00015F2C /* Release */,
			);
			defaultConfigurationIsVisible = 0;
			defaultConfigurationName = Release;
		};
		CB61E4481DE623FE00015F2C /* Build configuration list for PBXNativeTarget "BloodPlus" */ = {
			isa = XCConfigurationList;
			buildConfigurations = (
				CB61E4491DE623FE00015F2C /* Debug */,
				CB61E44A1DE623FE00015F2C /* Release */,
			);
			defaultConfigurationIsVisible = 0;
		};
/* End XCConfigurationList section */
	};
	rootObject = CB61E42E1DE623FE00015F2C /* Project object */;
}
